// !$*UTF8*$!
{
	archiveVersion = 1;
	classes = {
	};
	objectVersion = 46;
	objects = {

/* Begin PBXBuildFile section */
		D3F1BF5E1C104687001C8861 /* AppDelegate.swift in Sources */ = {isa = PBXBuildFile; fileRef = D3F1BF5D1C104687001C8861 /* AppDelegate.swift */; };
		D3F1BF651C104687001C8861 /* Main.storyboard in Resources */ = {isa = PBXBuildFile; fileRef = D3F1BF631C104687001C8861 /* Main.storyboard */; };
		D3F1BF671C104687001C8861 /* Assets.xcassets in Resources */ = {isa = PBXBuildFile; fileRef = D3F1BF661C104687001C8861 /* Assets.xcassets */; };
		D3F1BF6A1C104687001C8861 /* LaunchScreen.storyboard in Resources */ = {isa = PBXBuildFile; fileRef = D3F1BF681C104687001C8861 /* LaunchScreen.storyboard */; };
		D3F1BF7C1C10B8EE001C8861 /* PaletteListViewController.swift in Sources */ = {isa = PBXBuildFile; fileRef = D3F1BF7B1C10B8EE001C8861 /* PaletteListViewController.swift */; };
		D3F1BF7E1C10B909001C8861 /* ColorListViewController.swift in Sources */ = {isa = PBXBuildFile; fileRef = D3F1BF7D1C10B909001C8861 /* ColorListViewController.swift */; };
		D3F1BF801C10B956001C8861 /* PaletteViewController.swift in Sources */ = {isa = PBXBuildFile; fileRef = D3F1BF7F1C10B956001C8861 /* PaletteViewController.swift */; };
		D3F1BF821C10B9A4001C8861 /* ColorViewController.swift in Sources */ = {isa = PBXBuildFile; fileRef = D3F1BF811C10B9A4001C8861 /* ColorViewController.swift */; };
		D3F1BF841C10B9CB001C8861 /* Color.swift in Sources */ = {isa = PBXBuildFile; fileRef = D3F1BF831C10B9CB001C8861 /* Color.swift */; };
		D3F1BF861C10B9D6001C8861 /* Palette.swift in Sources */ = {isa = PBXBuildFile; fileRef = D3F1BF851C10B9D6001C8861 /* Palette.swift */; };
		D3F1BF8C1C10BE4F001C8861 /* ColourLoversAPI.swift in Sources */ = {isa = PBXBuildFile; fileRef = D3F1BF8B1C10BE4F001C8861 /* ColourLoversAPI.swift */; };
/* End PBXBuildFile section */

/* Begin PBXFileReference section */
		D3F1BF5A1C104687001C8861 /* PLTR.app */ = {isa = PBXFileReference; explicitFileType = wrapper.application; includeInIndex = 0; path = PLTR.app; sourceTree = BUILT_PRODUCTS_DIR; };
		D3F1BF5D1C104687001C8861 /* AppDelegate.swift */ = {isa = PBXFileReference; lastKnownFileType = sourcecode.swift; path = AppDelegate.swift; sourceTree = "<group>"; };
		D3F1BF641C104687001C8861 /* Base */ = {isa = PBXFileReference; lastKnownFileType = file.storyboard; name = Base; path = Base.lproj/Main.storyboard; sourceTree = "<group>"; };
		D3F1BF661C104687001C8861 /* Assets.xcassets */ = {isa = PBXFileReference; lastKnownFileType = folder.assetcatalog; path = Assets.xcassets; sourceTree = "<group>"; };
		D3F1BF691C104687001C8861 /* Base */ = {isa = PBXFileReference; lastKnownFileType = file.storyboard; name = Base; path = Base.lproj/LaunchScreen.storyboard; sourceTree = "<group>"; };
		D3F1BF6B1C104687001C8861 /* Info.plist */ = {isa = PBXFileReference; lastKnownFileType = text.plist.xml; path = Info.plist; sourceTree = "<group>"; };
		D3F1BF7B1C10B8EE001C8861 /* PaletteListViewController.swift */ = {isa = PBXFileReference; fileEncoding = 4; lastKnownFileType = sourcecode.swift; path = PaletteListViewController.swift; sourceTree = "<group>"; };
		D3F1BF7D1C10B909001C8861 /* ColorListViewController.swift */ = {isa = PBXFileReference; fileEncoding = 4; lastKnownFileType = sourcecode.swift; path = ColorListViewController.swift; sourceTree = "<group>"; };
		D3F1BF7F1C10B956001C8861 /* PaletteViewController.swift */ = {isa = PBXFileReference; fileEncoding = 4; lastKnownFileType = sourcecode.swift; path = PaletteViewController.swift; sourceTree = "<group>"; };
		D3F1BF811C10B9A4001C8861 /* ColorViewController.swift */ = {isa = PBXFileReference; fileEncoding = 4; lastKnownFileType = sourcecode.swift; path = ColorViewController.swift; sourceTree = "<group>"; };
		D3F1BF831C10B9CB001C8861 /* Color.swift */ = {isa = PBXFileReference; fileEncoding = 4; lastKnownFileType = sourcecode.swift; path = Color.swift; sourceTree = "<group>"; };
		D3F1BF851C10B9D6001C8861 /* Palette.swift */ = {isa = PBXFileReference; fileEncoding = 4; lastKnownFileType = sourcecode.swift; path = Palette.swift; sourceTree = "<group>"; };
		D3F1BF8B1C10BE4F001C8861 /* ColourLoversAPI.swift */ = {isa = PBXFileReference; fileEncoding = 4; lastKnownFileType = sourcecode.swift; path = ColourLoversAPI.swift; sourceTree = "<group>"; };
/* End PBXFileReference section */

/* Begin PBXFrameworksBuildPhase section */
		D3F1BF571C104687001C8861 /* Frameworks */ = {
			isa = PBXFrameworksBuildPhase;
			buildActionMask = 2147483647;
			files = (
			);
			runOnlyForDeploymentPostprocessing = 0;
		};
/* End PBXFrameworksBuildPhase section */

/* Begin PBXGroup section */
		D3F1BF511C104687001C8861 = {
			isa = PBXGroup;
			children = (
				D3F1BF5C1C104687001C8861 /* PLTR */,
				D3F1BF5B1C104687001C8861 /* Products */,
			);
			sourceTree = "<group>";
		};
		D3F1BF5B1C104687001C8861 /* Products */ = {
			isa = PBXGroup;
			children = (
				D3F1BF5A1C104687001C8861 /* PLTR.app */,
			);
			name = Products;
			sourceTree = "<group>";
		};
		D3F1BF5C1C104687001C8861 /* PLTR */ = {
			isa = PBXGroup;
			children = (
				D3F1BF5D1C104687001C8861 /* AppDelegate.swift */,
				D3F1BF631C104687001C8861 /* Main.storyboard */,
				D3F1BF661C104687001C8861 /* Assets.xcassets */,
				D3F1BF681C104687001C8861 /* LaunchScreen.storyboard */,
				D3F1BF6B1C104687001C8861 /* Info.plist */,
				D3F1BF741C10B592001C8861 /* API */,
				D3F1BF731C10B589001C8861 /* Views */,
			);
			path = PLTR;
			sourceTree = "<group>";
		};
		D3F1BF731C10B589001C8861 /* Views */ = {
			isa = PBXGroup;
			children = (
				D3F1BF7B1C10B8EE001C8861 /* PaletteListViewController.swift */,
				D3F1BF7D1C10B909001C8861 /* ColorListViewController.swift */,
				D3F1BF811C10B9A4001C8861 /* ColorViewController.swift */,
				D3F1BF7F1C10B956001C8861 /* PaletteViewController.swift */,
			);
			name = Views;
			sourceTree = "<group>";
		};
		D3F1BF741C10B592001C8861 /* API */ = {
			isa = PBXGroup;
			children = (
				D3F1BF831C10B9CB001C8861 /* Color.swift */,
				D3F1BF851C10B9D6001C8861 /* Palette.swift */,
				D3F1BF8B1C10BE4F001C8861 /* ColourLoversAPI.swift */,
			);
			name = API;
			sourceTree = "<group>";
		};
/* End PBXGroup section */

/* Begin PBXNativeTarget section */
		D3F1BF591C104687001C8861 /* PLTR */ = {
			isa = PBXNativeTarget;
			buildConfigurationList = D3F1BF6E1C104687001C8861 /* Build configuration list for PBXNativeTarget "PLTR" */;
			buildPhases = (
				D3F1BF561C104687001C8861 /* Sources */,
				D3F1BF571C104687001C8861 /* Frameworks */,
				D3F1BF581C104687001C8861 /* Resources */,
			);
			buildRules = (
			);
			dependencies = (
			);
			name = PLTR;
			productName = PLTR;
			productReference = D3F1BF5A1C104687001C8861 /* PLTR.app */;
			productType = "com.apple.product-type.application";
		};
/* End PBXNativeTarget section */

/* Begin PBXProject section */
		D3F1BF521C104687001C8861 /* Project object */ = {
			isa = PBXProject;
			attributes = {
				LastSwiftUpdateCheck = 0710;
				LastUpgradeCheck = 0710;
				ORGANIZATIONNAME = "Jasmine Giang";
				TargetAttributes = {
					D3F1BF591C104687001C8861 = {
						CreatedOnToolsVersion = 7.1.1;
						DevelopmentTeam = T35GW75GSV;
					};
				};
			};
			buildConfigurationList = D3F1BF551C104687001C8861 /* Build configuration list for PBXProject "PLTR" */;
			compatibilityVersion = "Xcode 3.2";
			developmentRegion = English;
			hasScannedForEncodings = 0;
			knownRegions = (
				en,
				Base,
			);
			mainGroup = D3F1BF511C104687001C8861;
			productRefGroup = D3F1BF5B1C104687001C8861 /* Products */;
			projectDirPath = "";
			projectRoot = "";
			targets = (
				D3F1BF591C104687001C8861 /* PLTR */,
			);
		};
/* End PBXProject section */

/* Begin PBXResourcesBuildPhase section */
		D3F1BF581C104687001C8861 /* Resources */ = {
			isa = PBXResourcesBuildPhase;
			buildActionMask = 2147483647;
			files = (
				D3F1BF6A1C104687001C8861 /* LaunchScreen.storyboard in Resources */,
				D3F1BF671C104687001C8861 /* Assets.xcassets in Resources */,
				D3F1BF651C104687001C8861 /* Main.storyboard in Resources */,
			);
			runOnlyForDeploymentPostprocessing = 0;
		};
/* End PBXResourcesBuildPhase section */

/* Begin PBXSourcesBuildPhase section */
		D3F1BF561C104687001C8861 /* Sources */ = {
			isa = PBXSourcesBuildPhase;
			buildActionMask = 2147483647;
			files = (
				D3F1BF801C10B956001C8861 /* PaletteViewController.swift in Sources */,
				D3F1BF8C1C10BE4F001C8861 /* ColourLoversAPI.swift in Sources */,
				D3F1BF7C1C10B8EE001C8861 /* PaletteListViewController.swift in Sources */,
				D3F1BF7E1C10B909001C8861 /* ColorListViewController.swift in Sources */,
				D3F1BF821C10B9A4001C8861 /* ColorViewController.swift in Sources */,
				D3F1BF5E1C104687001C8861 /* AppDelegate.swift in Sources */,
				D3F1BF841C10B9CB001C8861 /* Color.swift in Sources */,
				D3F1BF861C10B9D6001C8861 /* Palette.swift in Sources */,
			);
			runOnlyForDeploymentPostprocessing = 0;
		};
/* End PBXSourcesBuildPhase section */

/* Begin PBXVariantGroup section */
		D3F1BF631C104687001C8861 /* Main.storyboard */ = {
			isa = PBXVariantGroup;
			children = (
				D3F1BF641C104687001C8861 /* Base */,
			);
			name = Main.storyboard;
			sourceTree = "<group>";
		};
		D3F1BF681C104687001C8861 /* LaunchScreen.storyboard */ = {
			isa = PBXVariantGroup;
			children = (
				D3F1BF691C104687001C8861 /* Base */,
			);
			name = LaunchScreen.storyboard;
			sourceTree = "<group>";
		};
/* End PBXVariantGroup section */

/* Begin XCBuildConfiguration section */
		D3F1BF6C1C104687001C8861 /* Debug */ = {
			isa = XCBuildConfiguration;
			buildSettings = {
				ALWAYS_SEARCH_USER_PATHS = NO;
				CLANG_CXX_LANGUAGE_STANDARD = "gnu++0x";
				CLANG_CXX_LIBRARY = "libc++";
				CLANG_ENABLE_MODULES = YES;
				CLANG_ENABLE_OBJC_ARC = YES;
				CLANG_WARN_BOOL_CONVERSION = YES;
				CLANG_WARN_CONSTANT_CONVERSION = YES;
				CLANG_WARN_DIRECT_OBJC_ISA_USAGE = YES_ERROR;
				CLANG_WARN_EMPTY_BODY = YES;
				CLANG_WARN_ENUM_CONVERSION = YES;
				CLANG_WARN_INT_CONVERSION = YES;
				CLANG_WARN_OBJC_ROOT_CLASS = YES_ERROR;
				CLANG_WARN_UNREACHABLE_CODE = YES;
				CLANG_WARN__DUPLICATE_METHOD_MATCH = YES;
				"CODE_SIGN_IDENTITY[sdk=iphoneos*]" = "iPhone Developer";
				COPY_PHASE_STRIP = NO;
				DEBUG_INFORMATION_FORMAT = dwarf;
				ENABLE_STRICT_OBJC_MSGSEND = YES;
				ENABLE_TESTABILITY = YES;
				GCC_C_LANGUAGE_STANDARD = gnu99;
				GCC_DYNAMIC_NO_PIC = NO;
				GCC_NO_COMMON_BLOCKS = YES;
				GCC_OPTIMIZATION_LEVEL = 0;
				GCC_PREPROCESSOR_DEFINITIONS = (
					"DEBUG=1",
					"$(inherited)",
				);
				GCC_WARN_64_TO_32_BIT_CONVERSION = YES;
				GCC_WARN_ABOUT_RETURN_TYPE = YES_ERROR;
				GCC_WARN_UNDECLARED_SELECTOR = YES;
				GCC_WARN_UNINITIALIZED_AUTOS = YES_AGGRESSIVE;
				GCC_WARN_UNUSED_FUNCTION = YES;
				GCC_WARN_UNUSED_VARIABLE = YES;
				IPHONEOS_DEPLOYMENT_TARGET = 9.1;
				MTL_ENABLE_DEBUG_INFO = YES;
				ONLY_ACTIVE_ARCH = YES;
				SDKROOT = iphoneos;
				SWIFT_OPTIMIZATION_LEVEL = "-Onone";
			};
			name = Debug;
		};
		D3F1BF6D1C104687001C8861 /* Release */ = {
			isa = XCBuildConfiguration;
			buildSettings = {
				ALWAYS_SEARCH_USER_PATHS = NO;
				CLANG_CXX_LANGUAGE_STANDARD = "gnu++0x";
				CLANG_CXX_LIBRARY = "libc++";
				CLANG_ENABLE_MODULES = YES;
				CLANG_ENABLE_OBJC_ARC = YES;
				CLANG_WARN_BOOL_CONVERSION = YES;
				CLANG_WARN_CONSTANT_CONVERSION = YES;
				CLANG_WARN_DIRECT_OBJC_ISA_USAGE = YES_ERROR;
				CLANG_WARN_EMPTY_BODY = YES;
				CLANG_WARN_ENUM_CONVERSION = YES;
				CLANG_WARN_INT_CONVERSION = YES;
				CLANG_WARN_OBJC_ROOT_CLASS = YES_ERROR;
				CLANG_WARN_UNREACHABLE_CODE = YES;
				CLANG_WARN__DUPLICATE_METHOD_MATCH = YES;
				"CODE_SIGN_IDENTITY[sdk=iphoneos*]" = "iPhone Developer";
				COPY_PHASE_STRIP = NO;
				DEBUG_INFORMATION_FORMAT = "dwarf-with-dsym";
				ENABLE_NS_ASSERTIONS = NO;
				ENABLE_STRICT_OBJC_MSGSEND = YES;
				GCC_C_LANGUAGE_STANDARD = gnu99;
				GCC_NO_COMMON_BLOCKS = YES;
				GCC_WARN_64_TO_32_BIT_CONVERSION = YES;
				GCC_WARN_ABOUT_RETURN_TYPE = YES_ERROR;
				GCC_WARN_UNDECLARED_SELECTOR = YES;
				GCC_WARN_UNINITIALIZED_AUTOS = YES_AGGRESSIVE;
				GCC_WARN_UNUSED_FUNCTION = YES;
				GCC_WARN_UNUSED_VARIABLE = YES;
				IPHONEOS_DEPLOYMENT_TARGET = 9.1;
				MTL_ENABLE_DEBUG_INFO = NO;
				SDKROOT = iphoneos;
				VALIDATE_PRODUCT = YES;
			};
			name = Release;
		};
		D3F1BF6F1C104687001C8861 /* Debug */ = {
			isa = XCBuildConfiguration;
			buildSettings = {
				ASSETCATALOG_COMPILER_APPICON_NAME = AppIcon;
				INFOPLIST_FILE = PLTR/Info.plist;
				LD_RUNPATH_SEARCH_PATHS = "$(inherited) @executable_path/Frameworks";
				PRODUCT_BUNDLE_IDENTIFIER = "cs198-1.PLTR";
				PRODUCT_NAME = "$(TARGET_NAME)";
			};
			name = Debug;
		};
		D3F1BF701C104687001C8861 /* Release */ = {
			isa = XCBuildConfiguration;
			buildSettings = {
				ASSETCATALOG_COMPILER_APPICON_NAME = AppIcon;
				INFOPLIST_FILE = PLTR/Info.plist;
				LD_RUNPATH_SEARCH_PATHS = "$(inherited) @executable_path/Frameworks";
				PRODUCT_BUNDLE_IDENTIFIER = "cs198-1.PLTR";
				PRODUCT_NAME = "$(TARGET_NAME)";
			};
			name = Release;
		};
/* End XCBuildConfiguration section */

/* Begin XCConfigurationList section */
		D3F1BF551C104687001C8861 /* Build configuration list for PBXProject "PLTR" */ = {
			isa = XCConfigurationList;
			buildConfigurations = (
				D3F1BF6C1C104687001C8861 /* Debug */,
				D3F1BF6D1C104687001C8861 /* Release */,
			);
			defaultConfigurationIsVisible = 0;
			defaultConfigurationName = Release;
		};
		D3F1BF6E1C104687001C8861 /* Build configuration list for PBXNativeTarget "PLTR" */ = {
			isa = XCConfigurationList;
			buildConfigurations = (
				D3F1BF6F1C104687001C8861 /* Debug */,
				D3F1BF701C104687001C8861 /* Release */,
			);
			defaultConfigurationIsVisible = 0;
			defaultConfigurationName = Release;
		};
/* End XCConfigurationList section */
	};
	rootObject = D3F1BF521C104687001C8861 /* Project object */;
}
